
Microsoft Visual Studio Solution File, Format Version 12.00
# Visual Studio 15
VisualStudioVersion = 15.0.27703.2000
MinimumVisualStudioVersion = 10.0.40219.1
Project("{8BC9CEB8-8B4A-11D0-8D11-00A0C91BC942}") = "BitTorrentCLI", "BitTorrentCLI\BitTorrentCLI.vcxproj", "{F12147E7-B9FC-4FB3-87B3-E7A633E4C46B}"
EndProject
Global
	GlobalSection(SolutionConfigurationPlatforms) = preSolution
		Debug|x64 = Debug|x64
		Debug|x86 = Debug|x86
		Release|x64 = Release|x64
		Release|x86 = Release|x86
	EndGlobalSection
	GlobalSection(ProjectConfigurationPlatforms) = postSolution
		{F12147E7-B9FC-4FB3-87B3-E7A633E4C46B}.Debug|x64.ActiveCfg = Debug|x64
		{F12147E7-B9FC-4FB3-87B3-E7A633E4C46B}.Debug|x64.Build.0 = Debug|x64
		{F12147E7-B9FC-4FB3-87B3-E7A633E4C46B}.Debug|x86.ActiveCfg = Debug|Win32
		{F12147E7-B9FC-4FB3-87B3-E7A633E4C46B}.Debug|x86.Build.0 = Debug|Win32
		{F12147E7-B9FC-4FB3-87B3-E7A633E4C46B}.Release|x64.ActiveCfg = Release|x64
		{F12147E7-B9FC-4FB3-87B3-E7A633E4C46B}.Release|x64.Build.0 = Release|x64
		{F12147E7-B9FC-4FB3-87B3-E7A633E4C46B}.Release|x86.ActiveCfg = Release|Win32
		{F12147E7-B9FC-4FB3-87B3-E7A633E4C46B}.Release|x86.Build.0 = Release|Win32
	EndGlobalSection
	GlobalSection(SolutionProperties) = preSolution
		HideSolutionNode = FALSE
	EndGlobalSection
	GlobalSection(ExtensibilityGlobals) = postSolution
		SolutionGuid = {1C4EBCD5-BE5C-447A-989E-549F98B40104}
	EndGlobalSection
EndGlobal
